{
  "originHash" : "6969e39e21ab7ed627efd252c346d99b40cf0d169c062752d93835c45dc10bfd",
  "pins" : [
    {
      "identity" : "calendarview",
      "kind" : "remoteSourceControl",
      "location" : "https://github.com/Mijick/CalendarView.git",
      "state" : {
        "revision" : "b347587ba39a023b61881158872db9d01a90a9a6",
        "version" : "1.0.0"
      }
    },
    {
      "identity" : "kubacomponents",
      "kind" : "remoteSourceControl",
      "location" : "https://github.com/kubamilcarz/KubaComponents",
      "state" : {
        "branch" : "main",
        "revision" : "9a5539f105a8b5b976db701e1801ee166fe6aea9"
      }
    },
    {
      "identity" : "purchases-ios-spm",
      "kind" : "remoteSourceControl",
      "location" : "https://github.com/RevenueCat/purchases-ios-spm.git",
      "state" : {
        "revision" : "385b5b23b381f45bceed40548ac9ba95ef7107a7",
        "version" : "5.6.0"
      }
    },
    {
      "identity" : "swift-algorithms",
      "kind" : "remoteSourceControl",
      "location" : "https://github.com/apple/swift-algorithms.git",
      "state" : {
        "revision" : "f6919dfc309e7f1b56224378b11e28bab5bccc42",
        "version" : "1.2.0"
      }
    },
    {
      "identity" : "swift-numerics",
      "kind" : "remoteSourceControl",
      "location" : "https://github.com/apple/swift-numerics.git",
      "state" : {
        "revision" : "0a5bc04095a675662cf24757cc0640aa2204253b",
        "version" : "1.0.2"
      }
    },
    {
      "identity" : "swiftsdk",
      "kind" : "remoteSourceControl",
      "location" : "https://github.com/TelemetryDeck/SwiftSDK",
      "state" : {
        "revision" : "b825e49b1e5d125191ac671f54402567b0a7a7f8",
        "version" : "2.4.1"
      }
    },
    {
      "identity" : "wishkit-ios",
      "kind" : "remoteSourceControl",
      "location" : "https://github.com/wishkit/wishkit-ios",
      "state" : {
        "revision" : "430a2da77108aef193091772b8323fc773220b34",
        "version" : "4.3.1"
      }
    },
    {
      "identity" : "wishkit-ios-shared",
      "kind" : "remoteSourceControl",
      "location" : "https://github.com/wishkit/wishkit-ios-shared.git",
      "state" : {
        "revision" : "118c9c482e4ad57c65d664283516425b98616483",
        "version" : "1.4.3"
      }
    }
  ],
  "version" : 3
}
